<?xml version="1.0" encoding="utf-8"?>
<Project ToolsVersion="4.0" xmlns="http://schemas.microsoft.com/developer/msbuild/2003">
  <ItemGroup>
    <Filter Include="src">
      <UniqueIdentifier>{321ac850-81e6-4ee5-afb5-853624c12526}</UniqueIdentifier>
    </Filter>
  </ItemGroup>
  <ItemGroup>
    <ClCompile Include="..\..\interpreter-for-cpp\src\VirtualJourney.cpp">
      <Filter>src</Filter>
    </ClCompile>
    <ClCompile Include="..\..\interpreter-for-cpp\src\VirtualMachine.cpp">
      <Filter>src</Filter>
    </ClCompile>
    <ClCompile Include="..\..\interpreter-for-cpp\src\Grammar\ParseTool.cpp">
      <Filter>src</Filter>
    </ClCompile>
    <ClCompile Include="..\..\interpreter-for-cpp\src\Grammar\Grammar.cpp">
      <Filter>src</Filter>
    </ClCompile>
    <ClCompile Include="..\..\interpreter-for-cpp\src\Runtime\Space.cpp">
      <Filter>src</Filter>
    </ClCompile>
    <ClCompile Include="..\..\interpreter-for-cpp\src\Runtime\System.cpp">
      <Filter>src</Filter>
    </ClCompile>
    <ClCompile Include="..\..\interpreter-for-cpp\src\Runtime\Variable.cpp">
      <Filter>src</Filter>
    </ClCompile>
    <ClCompile Include="..\..\interpreter-for-cpp\src\Runtime\Sentence\SentenceExpression.cpp">
      <Filter>src</Filter>
    </ClCompile>
    <ClCompile Include="..\..\interpreter-for-cpp\src\Runtime\Sentence\SentenceExpressionDouble.cpp">
      <Filter>src</Filter>
    </ClCompile>
    <ClCompile Include="..\..\interpreter-for-cpp\src\Runtime\Sentence\SentenceExpressionFunctionCall.cpp">
      <Filter>src</Filter>
    </ClCompile>
    <ClCompile Include="..\..\interpreter-for-cpp\src\Runtime\Sentence\SentenceExpressionMath.cpp">
      <Filter>src</Filter>
    </ClCompile>
    <ClCompile Include="..\..\interpreter-for-cpp\src\Runtime\Sentence\SentenceExpressionSelfAssign.cpp">
      <Filter>src</Filter>
    </ClCompile>
    <ClCompile Include="..\..\interpreter-for-cpp\src\Runtime\Sentence\SentenceExpressionValue.cpp">
      <Filter>src</Filter>
    </ClCompile>
    <ClCompile Include="..\..\interpreter-for-cpp\src\Runtime\Sentence\SentenceExpressionValueArray.cpp">
      <Filter>src</Filter>
    </ClCompile>
    <ClCompile Include="..\..\interpreter-for-cpp\src\Runtime\Sentence\SentenceExpressionValueArrayItem.cpp">
      <Filter>src</Filter>
    </ClCompile>
    <ClCompile Include="..\..\interpreter-for-cpp\src\Runtime\Sentence\SentenceExpressionVariable.cpp">
      <Filter>src</Filter>
    </ClCompile>
    <ClCompile Include="..\..\interpreter-for-cpp\src\Runtime\Sentence\SentenceFor.cpp">
      <Filter>src</Filter>
    </ClCompile>
    <ClCompile Include="..\..\interpreter-for-cpp\src\Runtime\Sentence\SentenceForeach.cpp">
      <Filter>src</Filter>
    </ClCompile>
    <ClCompile Include="..\..\interpreter-for-cpp\src\Runtime\Sentence\SentenceFunctionDefine.cpp">
      <Filter>src</Filter>
    </ClCompile>
    <ClCompile Include="..\..\interpreter-for-cpp\src\Runtime\Sentence\SentenceLoop.cpp">
      <Filter>src</Filter>
    </ClCompile>
    <ClCompile Include="..\..\interpreter-for-cpp\src\Runtime\Sentence\SentenceLoopControl.cpp">
      <Filter>src</Filter>
    </ClCompile>
    <ClCompile Include="..\..\interpreter-for-cpp\src\Runtime\Sentence\SentenceReturn.cpp">
      <Filter>src</Filter>
    </ClCompile>
    <ClCompile Include="..\..\interpreter-for-cpp\src\Runtime\Sentence\SentenceTryCatchFinally.cpp">
      <Filter>src</Filter>
    </ClCompile>
    <ClCompile Include="..\..\interpreter-for-cpp\src\Runtime\Sentence\SentenceVariableAssign.cpp">
      <Filter>src</Filter>
    </ClCompile>
    <ClCompile Include="..\..\interpreter-for-cpp\src\Runtime\Sentence\SentenceVariableDefine.cpp">
      <Filter>src</Filter>
    </ClCompile>
    <ClCompile Include="..\..\interpreter-for-cpp\src\Runtime\Sentence\SentenceVariableSet.cpp">
      <Filter>src</Filter>
    </ClCompile>
    <ClCompile Include="..\..\interpreter-for-cpp\src\Runtime\Sentence\SentenceWhile.cpp">
      <Filter>src</Filter>
    </ClCompile>
    <ClCompile Include="..\..\interpreter-for-cpp\src\Runtime\Sentence\SentenceArrayItemAssign.cpp">
      <Filter>src</Filter>
    </ClCompile>
    <ClCompile Include="..\..\interpreter-for-cpp\src\Runtime\Sentence\SentenceBlock.cpp">
      <Filter>src</Filter>
    </ClCompile>
    <ClCompile Include="..\..\interpreter-for-cpp\src\Runtime\Sentence\SentenceCondition.cpp">
      <Filter>src</Filter>
    </ClCompile>
    <ClCompile Include="..\..\interpreter-for-cpp\src\Runtime\Sentence\SentenceDoWhile.cpp">
      <Filter>src</Filter>
    </ClCompile>
    <ClCompile Include="..\..\interpreter-for-cpp\src\Runtime\Sentence\SentenceEcho.cpp">
      <Filter>src</Filter>
    </ClCompile>
    <ClCompile Include="..\..\interpreter-for-cpp\src\Runtime\Value\ValueCalculateInstance.cpp">
      <Filter>src</Filter>
    </ClCompile>
    <ClCompile Include="..\..\interpreter-for-cpp\src\Runtime\Value\ValueFunction.cpp">
      <Filter>src</Filter>
    </ClCompile>
    <ClCompile Include="..\..\interpreter-for-cpp\src\Runtime\Value\ValueNull.cpp">
      <Filter>src</Filter>
    </ClCompile>
    <ClCompile Include="..\..\interpreter-for-cpp\src\Runtime\Value\ValueNumber.cpp">
      <Filter>src</Filter>
    </ClCompile>
    <ClCompile Include="..\..\interpreter-for-cpp\src\Runtime\Value\ValueString.cpp">
      <Filter>src</Filter>
    </ClCompile>
    <ClCompile Include="..\..\interpreter-for-cpp\src\Runtime\Value\ValueTool.cpp">
      <Filter>src</Filter>
    </ClCompile>
    <ClCompile Include="..\..\interpreter-for-cpp\src\Runtime\Value\Value.cpp">
      <Filter>src</Filter>
    </ClCompile>
    <ClCompile Include="..\..\interpreter-for-cpp\src\Runtime\Value\ValueArray.cpp">
      <Filter>src</Filter>
    </ClCompile>
    <ClCompile Include="..\..\interpreter-for-cpp\src\Runtime\Value\ValueBool.cpp">
      <Filter>src</Filter>
    </ClCompile>
    <ClCompile Include="..\..\interpreter-for-cpp\src\Runtime\ClassTemplate.cpp">
      <Filter>src</Filter>
    </ClCompile>
    <ClCompile Include="..\..\interpreter-for-cpp\src\Runtime\Value\ValueClassInstance.cpp">
      <Filter>src</Filter>
    </ClCompile>
    <ClCompile Include="..\..\interpreter-for-cpp\src\Runtime\Sentence\SentenceExpressionClassNew.cpp">
      <Filter>src</Filter>
    </ClCompile>
    <ClCompile Include="..\..\interpreter-for-cpp\src\Runtime\Sentence\SentenceClassDefine.cpp">
      <Filter>src</Filter>
    </ClCompile>
  </ItemGroup>
  <ItemGroup>
    <ClInclude Include="..\..\interpreter-for-cpp\src\VirtualJourney.h">
      <Filter>src</Filter>
    </ClInclude>
    <ClInclude Include="..\..\interpreter-for-cpp\src\VirtualMachine.h">
      <Filter>src</Filter>
    </ClInclude>
    <ClInclude Include="..\..\interpreter-for-cpp\src\VirtualTool.h">
      <Filter>src</Filter>
    </ClInclude>
    <ClInclude Include="..\..\interpreter-for-cpp\src\Grammar\Grammar.h">
      <Filter>src</Filter>
    </ClInclude>
    <ClInclude Include="..\..\interpreter-for-cpp\src\Grammar\ParseTool.h">
      <Filter>src</Filter>
    </ClInclude>
    <ClInclude Include="..\..\interpreter-for-cpp\src\Runtime\Space.h">
      <Filter>src</Filter>
    </ClInclude>
    <ClInclude Include="..\..\interpreter-for-cpp\src\Runtime\System.h">
      <Filter>src</Filter>
    </ClInclude>
    <ClInclude Include="..\..\interpreter-for-cpp\src\Runtime\Variable.h">
      <Filter>src</Filter>
    </ClInclude>
    <ClInclude Include="..\..\interpreter-for-cpp\src\Runtime\Sentence\SentenceExpression.h">
      <Filter>src</Filter>
    </ClInclude>
    <ClInclude Include="..\..\interpreter-for-cpp\src\Runtime\Sentence\SentenceExpressionDouble.h">
      <Filter>src</Filter>
    </ClInclude>
    <ClInclude Include="..\..\interpreter-for-cpp\src\Runtime\Sentence\SentenceExpressionFunctionCall.h">
      <Filter>src</Filter>
    </ClInclude>
    <ClInclude Include="..\..\interpreter-for-cpp\src\Runtime\Sentence\SentenceExpressionMath.h">
      <Filter>src</Filter>
    </ClInclude>
    <ClInclude Include="..\..\interpreter-for-cpp\src\Runtime\Sentence\SentenceExpressionSelfAssign.h">
      <Filter>src</Filter>
    </ClInclude>
    <ClInclude Include="..\..\interpreter-for-cpp\src\Runtime\Sentence\SentenceExpressionValue.h">
      <Filter>src</Filter>
    </ClInclude>
    <ClInclude Include="..\..\interpreter-for-cpp\src\Runtime\Sentence\SentenceExpressionValueArray.h">
      <Filter>src</Filter>
    </ClInclude>
    <ClInclude Include="..\..\interpreter-for-cpp\src\Runtime\Sentence\SentenceExpressionValueArrayItem.h">
      <Filter>src</Filter>
    </ClInclude>
    <ClInclude Include="..\..\interpreter-for-cpp\src\Runtime\Sentence\SentenceExpressionVariable.h">
      <Filter>src</Filter>
    </ClInclude>
    <ClInclude Include="..\..\interpreter-for-cpp\src\Runtime\Sentence\SentenceFor.h">
      <Filter>src</Filter>
    </ClInclude>
    <ClInclude Include="..\..\interpreter-for-cpp\src\Runtime\Sentence\SentenceForeach.h">
      <Filter>src</Filter>
    </ClInclude>
    <ClInclude Include="..\..\interpreter-for-cpp\src\Runtime\Sentence\SentenceFunctionDefine.h">
      <Filter>src</Filter>
    </ClInclude>
    <ClInclude Include="..\..\interpreter-for-cpp\src\Runtime\Sentence\SentenceLoop.h">
      <Filter>src</Filter>
    </ClInclude>
    <ClInclude Include="..\..\interpreter-for-cpp\src\Runtime\Sentence\SentenceLoopControl.h">
      <Filter>src</Filter>
    </ClInclude>
    <ClInclude Include="..\..\interpreter-for-cpp\src\Runtime\Sentence\SentenceReturn.h">
      <Filter>src</Filter>
    </ClInclude>
    <ClInclude Include="..\..\interpreter-for-cpp\src\Runtime\Sentence\SentenceTryCatchFinally.h">
      <Filter>src</Filter>
    </ClInclude>
    <ClInclude Include="..\..\interpreter-for-cpp\src\Runtime\Sentence\SentenceVariableAssign.h">
      <Filter>src</Filter>
    </ClInclude>
    <ClInclude Include="..\..\interpreter-for-cpp\src\Runtime\Sentence\SentenceVariableDefine.h">
      <Filter>src</Filter>
    </ClInclude>
    <ClInclude Include="..\..\interpreter-for-cpp\src\Runtime\Sentence\SentenceVariableSet.h">
      <Filter>src</Filter>
    </ClInclude>
    <ClInclude Include="..\..\interpreter-for-cpp\src\Runtime\Sentence\SentenceWhile.h">
      <Filter>src</Filter>
    </ClInclude>
    <ClInclude Include="..\..\interpreter-for-cpp\src\Runtime\Sentence\Sentence.h">
      <Filter>src</Filter>
    </ClInclude>
    <ClInclude Include="..\..\interpreter-for-cpp\src\Runtime\Sentence\SentenceArrayItemAssign.h">
      <Filter>src</Filter>
    </ClInclude>
    <ClInclude Include="..\..\interpreter-for-cpp\src\Runtime\Sentence\SentenceBlock.h">
      <Filter>src</Filter>
    </ClInclude>
    <ClInclude Include="..\..\interpreter-for-cpp\src\Runtime\Sentence\SentenceCondition.h">
      <Filter>src</Filter>
    </ClInclude>
    <ClInclude Include="..\..\interpreter-for-cpp\src\Runtime\Sentence\SentenceDoWhile.h">
      <Filter>src</Filter>
    </ClInclude>
    <ClInclude Include="..\..\interpreter-for-cpp\src\Runtime\Sentence\SentenceEcho.h">
      <Filter>src</Filter>
    </ClInclude>
    <ClInclude Include="..\..\interpreter-for-cpp\src\Runtime\Value\ValueBool.h">
      <Filter>src</Filter>
    </ClInclude>
    <ClInclude Include="..\..\interpreter-for-cpp\src\Runtime\Value\ValueCalculateInstance.h">
      <Filter>src</Filter>
    </ClInclude>
    <ClInclude Include="..\..\interpreter-for-cpp\src\Runtime\Value\ValueFunction.h">
      <Filter>src</Filter>
    </ClInclude>
    <ClInclude Include="..\..\interpreter-for-cpp\src\Runtime\Value\ValueNull.h">
      <Filter>src</Filter>
    </ClInclude>
    <ClInclude Include="..\..\interpreter-for-cpp\src\Runtime\Value\ValueNumber.h">
      <Filter>src</Filter>
    </ClInclude>
    <ClInclude Include="..\..\interpreter-for-cpp\src\Runtime\Value\ValueString.h">
      <Filter>src</Filter>
    </ClInclude>
    <ClInclude Include="..\..\interpreter-for-cpp\src\Runtime\Value\ValueTool.h">
      <Filter>src</Filter>
    </ClInclude>
    <ClInclude Include="..\..\interpreter-for-cpp\src\Runtime\Value\IValueCalculate.h">
      <Filter>src</Filter>
    </ClInclude>
    <ClInclude Include="..\..\interpreter-for-cpp\src\Runtime\Value\Value.h">
      <Filter>src</Filter>
    </ClInclude>
    <ClInclude Include="..\..\interpreter-for-cpp\src\Runtime\Value\ValueArray.h">
      <Filter>src</Filter>
    </ClInclude>
    <ClInclude Include="..\..\interpreter-for-cpp\src\Runtime\ClassTemplate.h">
      <Filter>src</Filter>
    </ClInclude>
    <ClInclude Include="..\..\interpreter-for-cpp\src\Runtime\Value\ValueClassInstance.h">
      <Filter>src</Filter>
    </ClInclude>
    <ClInclude Include="..\..\interpreter-for-cpp\src\Runtime\Sentence\SentenceClassDefine.h">
      <Filter>src</Filter>
    </ClInclude>
    <ClInclude Include="..\..\interpreter-for-cpp\src\Runtime\Sentence\SentenceExpressionClassNew.h">
      <Filter>src</Filter>
    </ClInclude>
  </ItemGroup>
</Project>