
Microsoft Visual Studio Solution File, Format Version 12.00
# Visual Studio 15
VisualStudioVersion = 15.0.28307.1082
MinimumVisualStudioVersion = 10.0.40219.1
Project("{8BC9CEB8-8B4A-11D0-8D11-00A0C91BC942}") = "peak-vs-project", "peak-vs-project\peak-vs-project.vcxproj", "{24019C7B-6A68-4BAE-91F2-34AEFBC27678}"
EndProject
Project("{8BC9CEB8-8B4A-11D0-8D11-00A0C91BC942}") = "interpreter-for-cpp", "interpreter-for-cpp\interpreter-for-cpp.vcxproj", "{C9FFA0B5-99DD-49E0-BF56-B43604CCF321}"
EndProject
Project("{8BC9CEB8-8B4A-11D0-8D11-00A0C91BC942}") = "peak-exec-win", "peak-exec-win\peak-exec-win.vcxproj", "{A1935843-3DEA-419F-98F9-12E24A795848}"
EndProject
Global
	GlobalSection(SolutionConfigurationPlatforms) = preSolution
		Debug|x64 = Debug|x64
		Debug|x86 = Debug|x86
		Release|x64 = Release|x64
		Release|x86 = Release|x86
	EndGlobalSection
	GlobalSection(ProjectConfigurationPlatforms) = postSolution
		{24019C7B-6A68-4BAE-91F2-34AEFBC27678}.Debug|x64.ActiveCfg = Debug|x64
		{24019C7B-6A68-4BAE-91F2-34AEFBC27678}.Debug|x64.Build.0 = Debug|x64
		{24019C7B-6A68-4BAE-91F2-34AEFBC27678}.Debug|x86.ActiveCfg = Debug|Win32
		{24019C7B-6A68-4BAE-91F2-34AEFBC27678}.Debug|x86.Build.0 = Debug|Win32
		{24019C7B-6A68-4BAE-91F2-34AEFBC27678}.Release|x64.ActiveCfg = Release|x64
		{24019C7B-6A68-4BAE-91F2-34AEFBC27678}.Release|x64.Build.0 = Release|x64
		{24019C7B-6A68-4BAE-91F2-34AEFBC27678}.Release|x86.ActiveCfg = Release|Win32
		{24019C7B-6A68-4BAE-91F2-34AEFBC27678}.Release|x86.Build.0 = Release|Win32
		{C9FFA0B5-99DD-49E0-BF56-B43604CCF321}.Debug|x64.ActiveCfg = Debug|x64
		{C9FFA0B5-99DD-49E0-BF56-B43604CCF321}.Debug|x64.Build.0 = Debug|x64
		{C9FFA0B5-99DD-49E0-BF56-B43604CCF321}.Debug|x86.ActiveCfg = Debug|Win32
		{C9FFA0B5-99DD-49E0-BF56-B43604CCF321}.Debug|x86.Build.0 = Debug|Win32
		{C9FFA0B5-99DD-49E0-BF56-B43604CCF321}.Release|x64.ActiveCfg = Release|x64
		{C9FFA0B5-99DD-49E0-BF56-B43604CCF321}.Release|x64.Build.0 = Release|x64
		{C9FFA0B5-99DD-49E0-BF56-B43604CCF321}.Release|x86.ActiveCfg = Release|Win32
		{C9FFA0B5-99DD-49E0-BF56-B43604CCF321}.Release|x86.Build.0 = Release|Win32
		{A1935843-3DEA-419F-98F9-12E24A795848}.Debug|x64.ActiveCfg = Debug|x64
		{A1935843-3DEA-419F-98F9-12E24A795848}.Debug|x64.Build.0 = Debug|x64
		{A1935843-3DEA-419F-98F9-12E24A795848}.Debug|x86.ActiveCfg = Debug|Win32
		{A1935843-3DEA-419F-98F9-12E24A795848}.Debug|x86.Build.0 = Debug|Win32
		{A1935843-3DEA-419F-98F9-12E24A795848}.Release|x64.ActiveCfg = Release|x64
		{A1935843-3DEA-419F-98F9-12E24A795848}.Release|x64.Build.0 = Release|x64
		{A1935843-3DEA-419F-98F9-12E24A795848}.Release|x86.ActiveCfg = Release|Win32
		{A1935843-3DEA-419F-98F9-12E24A795848}.Release|x86.Build.0 = Release|Win32
	EndGlobalSection
	GlobalSection(SolutionProperties) = preSolution
		HideSolutionNode = FALSE
	EndGlobalSection
	GlobalSection(ExtensibilityGlobals) = postSolution
		SolutionGuid = {1B674C8A-320B-4087-B2A7-4B171E37905D}
	EndGlobalSection
EndGlobal
